
Microsoft Visual Studio Solution File, Format Version 11.00
# Visual Studio 2010
Project("{FAE04EC0-301F-11D3-BF4B-00C04F79EFBC}") = "UnityEngine.UI", "UnityEngine.UI.csproj", "{80547ad9-ce71-27d7-32a6-bf6ec8f1a1eb}"
EndProject
Project("{FAE04EC0-301F-11D3-BF4B-00C04F79EFBC}") = "Assembly-CSharp", "Assembly-CSharp.csproj", "{462413ea-22e6-0100-25dc-6c2765dce615}"
EndProject
Project("{FAE04EC0-301F-11D3-BF4B-00C04F79EFBC}") = "UnityEngine.TestRunner", "UnityEngine.TestRunner.csproj", "{652b2c21-a51b-b584-c320-646bc19f7f83}"
EndProject
Project("{FAE04EC0-301F-11D3-BF4B-00C04F79EFBC}") = "Unity.Mathematics", "Unity.Mathematics.csproj", "{cc2e6f99-fb17-566c-0a1d-c913ca9c530f}"
EndProject
Project("{FAE04EC0-301F-11D3-BF4B-00C04F79EFBC}") = "Unity.2D.Animation.Triangle.Runtime", "Unity.2D.Animation.Triangle.Runtime.csproj", "{2a60a3eb-a822-d00d-56b3-03861f1b27e8}"
EndProject
Project("{FAE04EC0-301F-11D3-BF4B-00C04F79EFBC}") = "UniRx", "UniRx.csproj", "{90073a7b-0d21-5ce9-4dbf-887979fa0b41}"
EndProject
Project("{FAE04EC0-301F-11D3-BF4B-00C04F79EFBC}") = "Unity.Timeline", "Unity.Timeline.csproj", "{24000b02-abde-c688-fa54-552772881740}"
EndProject
Project("{FAE04EC0-301F-11D3-BF4B-00C04F79EFBC}") = "Assembly-CSharp-firstpass", "Assembly-CSharp-firstpass.csproj", "{122490d2-32fc-11f0-6907-835add8e65aa}"
EndProject
Project("{FAE04EC0-301F-11D3-BF4B-00C04F79EFBC}") = "Unity.TextMeshPro", "Unity.TextMeshPro.csproj", "{889ced39-7ce6-0887-5778-c5618da88a41}"
EndProject
Project("{FAE04EC0-301F-11D3-BF4B-00C04F79EFBC}") = "Unity.2D.Animation.Runtime", "Unity.2D.Animation.Runtime.csproj", "{fc7fe5b3-9742-c8ab-e006-c81d527bc431}"
EndProject
Project("{FAE04EC0-301F-11D3-BF4B-00C04F79EFBC}") = "Unity.Postprocessing.Runtime", "Unity.Postprocessing.Runtime.csproj", "{48def340-89d1-10d0-f616-1336011bc4a8}"
EndProject
Project("{FAE04EC0-301F-11D3-BF4B-00C04F79EFBC}") = "Unity.2D.IK.Runtime", "Unity.2D.IK.Runtime.csproj", "{19a90c07-7f70-72ba-168b-3c0623c76ed0}"
EndProject
Project("{FAE04EC0-301F-11D3-BF4B-00C04F79EFBC}") = "Unity.2D.SpriteShape.Runtime", "Unity.2D.SpriteShape.Runtime.csproj", "{45448484-ce3b-672b-0dd7-ecc8c4d73c34}"
EndProject
Project("{FAE04EC0-301F-11D3-BF4B-00C04F79EFBC}") = "Unity.2D.PixelPerfect", "Unity.2D.PixelPerfect.csproj", "{99d56081-6685-995b-4e3e-dd3febfe9fed}"
EndProject
Project("{FAE04EC0-301F-11D3-BF4B-00C04F79EFBC}") = "Unity.2D.Common.Runtime", "Unity.2D.Common.Runtime.csproj", "{21781eae-c429-895a-7ecf-5e9a6200b7c0}"
EndProject
Project("{FAE04EC0-301F-11D3-BF4B-00C04F79EFBC}") = "Unity.InternalAPIEngineBridge.001", "Unity.InternalAPIEngineBridge.001.csproj", "{816fb341-b032-e1af-84b9-c31519979de4}"
EndProject
Project("{FAE04EC0-301F-11D3-BF4B-00C04F79EFBC}") = "Unity.2D.Animation.Editor", "Unity.2D.Animation.Editor.csproj", "{fab09a2a-9d60-1a2f-98bb-62a0438e8fe3}"
EndProject
Project("{FAE04EC0-301F-11D3-BF4B-00C04F79EFBC}") = "Unity.TextMeshPro.Editor", "Unity.TextMeshPro.Editor.csproj", "{43a79636-ed36-e821-4e98-a3eb851f7f14}"
EndProject
Project("{FAE04EC0-301F-11D3-BF4B-00C04F79EFBC}") = "UnityEditor.TestRunner", "UnityEditor.TestRunner.csproj", "{8a8eb2b3-76f1-1c07-0fbc-9d865adbeb9c}"
EndProject
Project("{FAE04EC0-301F-11D3-BF4B-00C04F79EFBC}") = "UnityEditor.UI", "UnityEditor.UI.csproj", "{9e7de28c-fe33-e98a-1bb4-7180addf31f7}"
EndProject
Project("{FAE04EC0-301F-11D3-BF4B-00C04F79EFBC}") = "Unity.Timeline.Editor", "Unity.Timeline.Editor.csproj", "{2a5f53e0-8634-dcbf-e7c4-d252ddc71d06}"
EndProject
Project("{FAE04EC0-301F-11D3-BF4B-00C04F79EFBC}") = "Unity.VisualStudio.Editor", "Unity.VisualStudio.Editor.csproj", "{72698a66-4fe2-8804-1c89-d5f6dd2651fe}"
EndProject
Project("{FAE04EC0-301F-11D3-BF4B-00C04F79EFBC}") = "Unity.2D.Psdimporter.Editor", "Unity.2D.Psdimporter.Editor.csproj", "{91cb2480-13ad-b3e5-ff96-514fa18870c5}"
EndProject
Project("{FAE04EC0-301F-11D3-BF4B-00C04F79EFBC}") = "Unity.2D.SpriteShape.Editor", "Unity.2D.SpriteShape.Editor.csproj", "{c0e0570a-759d-cda1-3a90-2175e710429e}"
EndProject
Project("{FAE04EC0-301F-11D3-BF4B-00C04F79EFBC}") = "Unity.CollabProxy.Editor", "Unity.CollabProxy.Editor.csproj", "{be9c8f90-e005-61ce-05c2-e5dd5bbc6abf}"
EndProject
Project("{FAE04EC0-301F-11D3-BF4B-00C04F79EFBC}") = "PsdPlugin", "PsdPlugin.csproj", "{05a3cb5f-b732-59a1-b932-19b6a5d40989}"
EndProject
Project("{FAE04EC0-301F-11D3-BF4B-00C04F79EFBC}") = "Unity.Postprocessing.Editor", "Unity.Postprocessing.Editor.csproj", "{9785e8c3-fb15-29d8-cb1f-de364cf61c44}"
EndProject
Project("{FAE04EC0-301F-11D3-BF4B-00C04F79EFBC}") = "Unity.2D.Path.Editor", "Unity.2D.Path.Editor.csproj", "{004c531c-3fc5-e40f-a3f3-1a330f39f711}"
EndProject
Project("{FAE04EC0-301F-11D3-BF4B-00C04F79EFBC}") = "Unity.Rider.Editor", "Unity.Rider.Editor.csproj", "{7bdc54d8-fceb-2149-7572-eabded9da986}"
EndProject
Project("{FAE04EC0-301F-11D3-BF4B-00C04F79EFBC}") = "Unity.2D.IK.Editor", "Unity.2D.IK.Editor.csproj", "{9384b53a-e0d9-d0be-a327-60492abc25ed}"
EndProject
Project("{FAE04EC0-301F-11D3-BF4B-00C04F79EFBC}") = "Unity.2D.Sprite.Editor", "Unity.2D.Sprite.Editor.csproj", "{43a8b13f-3441-ff7d-b21b-49d1460f34db}"
EndProject
Project("{FAE04EC0-301F-11D3-BF4B-00C04F79EFBC}") = "Unity.2D.Tilemap.Editor", "Unity.2D.Tilemap.Editor.csproj", "{bf892abd-4916-0522-3517-0d7935e1d24f}"
EndProject
Project("{FAE04EC0-301F-11D3-BF4B-00C04F79EFBC}") = "Unity.2D.PixelPerfect.Editor", "Unity.2D.PixelPerfect.Editor.csproj", "{44bda99d-8979-470d-ddc5-e7cba52e7621}"
EndProject
Project("{FAE04EC0-301F-11D3-BF4B-00C04F79EFBC}") = "Unity.VSCode.Editor", "Unity.VSCode.Editor.csproj", "{d9bfe78c-b7a1-476e-1736-72b85711521c}"
EndProject
Project("{FAE04EC0-301F-11D3-BF4B-00C04F79EFBC}") = "Unity.2D.Common.Editor", "Unity.2D.Common.Editor.csproj", "{1d8c76e9-1975-8122-d193-6e1388ebe52e}"
EndProject
Project("{FAE04EC0-301F-11D3-BF4B-00C04F79EFBC}") = "Assembly-CSharp-Editor", "Assembly-CSharp-Editor.csproj", "{972fed68-4d3a-bab7-b398-da8abdad08c3}"
EndProject
Project("{FAE04EC0-301F-11D3-BF4B-00C04F79EFBC}") = "Unity.Mathematics.Editor", "Unity.Mathematics.Editor.csproj", "{6a171403-aa82-d9b9-41fd-b610b0f61f40}"
EndProject
Project("{FAE04EC0-301F-11D3-BF4B-00C04F79EFBC}") = "Unity.InternalAPIEditorBridge.001", "Unity.InternalAPIEditorBridge.001.csproj", "{124008f1-26e4-0fbb-9bb7-bf717898d648}"
EndProject
Project("{FAE04EC0-301F-11D3-BF4B-00C04F79EFBC}") = "Assembly-CSharp-Editor-firstpass", "Assembly-CSharp-Editor-firstpass.csproj", "{65f87efa-43f8-ad4f-d8c9-bd76c77e9ec6}"
EndProject
Project("{FAE04EC0-301F-11D3-BF4B-00C04F79EFBC}") = "UnityEngine.UI", "UnityEngine.UI.Player.csproj", "{94c4a91b-22c4-51ed-594e-f0a6e0ae2716}"
EndProject
Project("{FAE04EC0-301F-11D3-BF4B-00C04F79EFBC}") = "Assembly-CSharp", "Assembly-CSharp.Player.csproj", "{cf9f3a44-eca9-401e-5094-5512c33c6e1a}"
EndProject
Project("{FAE04EC0-301F-11D3-BF4B-00C04F79EFBC}") = "UnityEngine.TestRunner", "UnityEngine.TestRunner.Player.csproj", "{269fdfac-3cd2-a06a-7af3-018c1a06acc6}"
EndProject
Project("{FAE04EC0-301F-11D3-BF4B-00C04F79EFBC}") = "Unity.Mathematics", "Unity.Mathematics.Player.csproj", "{a5da8a1d-3c89-b08d-35c3-8763b9bd3f5b}"
EndProject
Project("{FAE04EC0-301F-11D3-BF4B-00C04F79EFBC}") = "Unity.2D.Animation.Triangle.Runtime", "Unity.2D.Animation.Triangle.Runtime.Player.csproj", "{2bdebf96-9e1d-ae2e-6238-08a206c1ce80}"
EndProject
Project("{FAE04EC0-301F-11D3-BF4B-00C04F79EFBC}") = "UniRx", "UniRx.Player.csproj", "{a70616c7-6a88-22d9-0683-7d35d3cbbfa4}"
EndProject
Project("{FAE04EC0-301F-11D3-BF4B-00C04F79EFBC}") = "Unity.Timeline", "Unity.Timeline.Player.csproj", "{13466870-c375-9f2e-3818-be5c4dbba979}"
EndProject
Project("{FAE04EC0-301F-11D3-BF4B-00C04F79EFBC}") = "Assembly-CSharp-firstpass", "Assembly-CSharp-firstpass.Player.csproj", "{312c5bd0-8b78-9fa1-6aac-f3ceee3164b1}"
EndProject
Project("{FAE04EC0-301F-11D3-BF4B-00C04F79EFBC}") = "Unity.TextMeshPro", "Unity.TextMeshPro.Player.csproj", "{ad3f1a5d-03de-1e72-f1eb-c5a2c6992941}"
EndProject
Project("{FAE04EC0-301F-11D3-BF4B-00C04F79EFBC}") = "Unity.2D.Animation.Runtime", "Unity.2D.Animation.Runtime.Player.csproj", "{c8983f8c-2339-6470-518c-30ed24c3120c}"
EndProject
Project("{FAE04EC0-301F-11D3-BF4B-00C04F79EFBC}") = "Unity.Postprocessing.Runtime", "Unity.Postprocessing.Runtime.Player.csproj", "{56394cd1-41eb-76e0-44ca-fb03e52f6c8c}"
EndProject
Project("{FAE04EC0-301F-11D3-BF4B-00C04F79EFBC}") = "Unity.2D.IK.Runtime", "Unity.2D.IK.Runtime.Player.csproj", "{977b2ea5-1e03-b728-a145-cf9cfcbb8a0e}"
EndProject
Project("{FAE04EC0-301F-11D3-BF4B-00C04F79EFBC}") = "Unity.2D.SpriteShape.Runtime", "Unity.2D.SpriteShape.Runtime.Player.csproj", "{89b489f8-9d6f-f4e3-e73f-2fe2bd7d7793}"
EndProject
Project("{FAE04EC0-301F-11D3-BF4B-00C04F79EFBC}") = "Unity.2D.PixelPerfect", "Unity.2D.PixelPerfect.Player.csproj", "{0c72f687-9890-e589-d277-c36effba2ba7}"
EndProject
Project("{FAE04EC0-301F-11D3-BF4B-00C04F79EFBC}") = "Unity.2D.Common.Runtime", "Unity.2D.Common.Runtime.Player.csproj", "{62983bec-6798-8bc3-0e33-cea306aacd40}"
EndProject
Project("{FAE04EC0-301F-11D3-BF4B-00C04F79EFBC}") = "Unity.InternalAPIEngineBridge.001", "Unity.InternalAPIEngineBridge.001.Player.csproj", "{a7207abd-1854-3e2f-22d8-db551de97ff6}"
EndProject
Global
	GlobalSection(SolutionConfigurationPlatforms) = preSolution
		Debug|Any CPU = Debug|Any CPU
		Release|Any CPU = Release|Any CPU
	EndGlobalSection
	GlobalSection(ProjectConfigurationPlatforms) = postSolution
		{80547ad9-ce71-27d7-32a6-bf6ec8f1a1eb}.Debug|Any CPU.ActiveCfg = Debug|Any CPU
		{80547ad9-ce71-27d7-32a6-bf6ec8f1a1eb}.Debug|Any CPU.Build.0 = Debug|Any CPU
		{80547ad9-ce71-27d7-32a6-bf6ec8f1a1eb}.Release|Any CPU.ActiveCfg = Release|Any CPU
		{80547ad9-ce71-27d7-32a6-bf6ec8f1a1eb}.Release|Any CPU.Build.0 = Release|Any CPU
		{462413ea-22e6-0100-25dc-6c2765dce615}.Debug|Any CPU.ActiveCfg = Debug|Any CPU
		{462413ea-22e6-0100-25dc-6c2765dce615}.Debug|Any CPU.Build.0 = Debug|Any CPU
		{462413ea-22e6-0100-25dc-6c2765dce615}.Release|Any CPU.ActiveCfg = Release|Any CPU
		{462413ea-22e6-0100-25dc-6c2765dce615}.Release|Any CPU.Build.0 = Release|Any CPU
		{652b2c21-a51b-b584-c320-646bc19f7f83}.Debug|Any CPU.ActiveCfg = Debug|Any CPU
		{652b2c21-a51b-b584-c320-646bc19f7f83}.Debug|Any CPU.Build.0 = Debug|Any CPU
		{652b2c21-a51b-b584-c320-646bc19f7f83}.Release|Any CPU.ActiveCfg = Release|Any CPU
		{652b2c21-a51b-b584-c320-646bc19f7f83}.Release|Any CPU.Build.0 = Release|Any CPU
		{cc2e6f99-fb17-566c-0a1d-c913ca9c530f}.Debug|Any CPU.ActiveCfg = Debug|Any CPU
		{cc2e6f99-fb17-566c-0a1d-c913ca9c530f}.Debug|Any CPU.Build.0 = Debug|Any CPU
		{cc2e6f99-fb17-566c-0a1d-c913ca9c530f}.Release|Any CPU.ActiveCfg = Release|Any CPU
		{cc2e6f99-fb17-566c-0a1d-c913ca9c530f}.Release|Any CPU.Build.0 = Release|Any CPU
		{2a60a3eb-a822-d00d-56b3-03861f1b27e8}.Debug|Any CPU.ActiveCfg = Debug|Any CPU
		{2a60a3eb-a822-d00d-56b3-03861f1b27e8}.Debug|Any CPU.Build.0 = Debug|Any CPU
		{2a60a3eb-a822-d00d-56b3-03861f1b27e8}.Release|Any CPU.ActiveCfg = Release|Any CPU
		{2a60a3eb-a822-d00d-56b3-03861f1b27e8}.Release|Any CPU.Build.0 = Release|Any CPU
		{90073a7b-0d21-5ce9-4dbf-887979fa0b41}.Debug|Any CPU.ActiveCfg = Debug|Any CPU
		{90073a7b-0d21-5ce9-4dbf-887979fa0b41}.Debug|Any CPU.Build.0 = Debug|Any CPU
		{90073a7b-0d21-5ce9-4dbf-887979fa0b41}.Release|Any CPU.ActiveCfg = Release|Any CPU
		{90073a7b-0d21-5ce9-4dbf-887979fa0b41}.Release|Any CPU.Build.0 = Release|Any CPU
		{24000b02-abde-c688-fa54-552772881740}.Debug|Any CPU.ActiveCfg = Debug|Any CPU
		{24000b02-abde-c688-fa54-552772881740}.Debug|Any CPU.Build.0 = Debug|Any CPU
		{24000b02-abde-c688-fa54-552772881740}.Release|Any CPU.ActiveCfg = Release|Any CPU
		{24000b02-abde-c688-fa54-552772881740}.Release|Any CPU.Build.0 = Release|Any CPU
		{122490d2-32fc-11f0-6907-835add8e65aa}.Debug|Any CPU.ActiveCfg = Debug|Any CPU
		{122490d2-32fc-11f0-6907-835add8e65aa}.Debug|Any CPU.Build.0 = Debug|Any CPU
		{122490d2-32fc-11f0-6907-835add8e65aa}.Release|Any CPU.ActiveCfg = Release|Any CPU
		{122490d2-32fc-11f0-6907-835add8e65aa}.Release|Any CPU.Build.0 = Release|Any CPU
		{889ced39-7ce6-0887-5778-c5618da88a41}.Debug|Any CPU.ActiveCfg = Debug|Any CPU
		{889ced39-7ce6-0887-5778-c5618da88a41}.Debug|Any CPU.Build.0 = Debug|Any CPU
		{889ced39-7ce6-0887-5778-c5618da88a41}.Release|Any CPU.ActiveCfg = Release|Any CPU
		{889ced39-7ce6-0887-5778-c5618da88a41}.Release|Any CPU.Build.0 = Release|Any CPU
		{fc7fe5b3-9742-c8ab-e006-c81d527bc431}.Debug|Any CPU.ActiveCfg = Debug|Any CPU
		{fc7fe5b3-9742-c8ab-e006-c81d527bc431}.Debug|Any CPU.Build.0 = Debug|Any CPU
		{fc7fe5b3-9742-c8ab-e006-c81d527bc431}.Release|Any CPU.ActiveCfg = Release|Any CPU
		{fc7fe5b3-9742-c8ab-e006-c81d527bc431}.Release|Any CPU.Build.0 = Release|Any CPU
		{48def340-89d1-10d0-f616-1336011bc4a8}.Debug|Any CPU.ActiveCfg = Debug|Any CPU
		{48def340-89d1-10d0-f616-1336011bc4a8}.Debug|Any CPU.Build.0 = Debug|Any CPU
		{48def340-89d1-10d0-f616-1336011bc4a8}.Release|Any CPU.ActiveCfg = Release|Any CPU
		{48def340-89d1-10d0-f616-1336011bc4a8}.Release|Any CPU.Build.0 = Release|Any CPU
		{19a90c07-7f70-72ba-168b-3c0623c76ed0}.Debug|Any CPU.ActiveCfg = Debug|Any CPU
		{19a90c07-7f70-72ba-168b-3c0623c76ed0}.Debug|Any CPU.Build.0 = Debug|Any CPU
		{19a90c07-7f70-72ba-168b-3c0623c76ed0}.Release|Any CPU.ActiveCfg = Release|Any CPU
		{19a90c07-7f70-72ba-168b-3c0623c76ed0}.Release|Any CPU.Build.0 = Release|Any CPU
		{45448484-ce3b-672b-0dd7-ecc8c4d73c34}.Debug|Any CPU.ActiveCfg = Debug|Any CPU
		{45448484-ce3b-672b-0dd7-ecc8c4d73c34}.Debug|Any CPU.Build.0 = Debug|Any CPU
		{45448484-ce3b-672b-0dd7-ecc8c4d73c34}.Release|Any CPU.ActiveCfg = Release|Any CPU
		{45448484-ce3b-672b-0dd7-ecc8c4d73c34}.Release|Any CPU.Build.0 = Release|Any CPU
		{99d56081-6685-995b-4e3e-dd3febfe9fed}.Debug|Any CPU.ActiveCfg = Debug|Any CPU
		{99d56081-6685-995b-4e3e-dd3febfe9fed}.Debug|Any CPU.Build.0 = Debug|Any CPU
		{99d56081-6685-995b-4e3e-dd3febfe9fed}.Release|Any CPU.ActiveCfg = Release|Any CPU
		{99d56081-6685-995b-4e3e-dd3febfe9fed}.Release|Any CPU.Build.0 = Release|Any CPU
		{21781eae-c429-895a-7ecf-5e9a6200b7c0}.Debug|Any CPU.ActiveCfg = Debug|Any CPU
		{21781eae-c429-895a-7ecf-5e9a6200b7c0}.Debug|Any CPU.Build.0 = Debug|Any CPU
		{21781eae-c429-895a-7ecf-5e9a6200b7c0}.Release|Any CPU.ActiveCfg = Release|Any CPU
		{21781eae-c429-895a-7ecf-5e9a6200b7c0}.Release|Any CPU.Build.0 = Release|Any CPU
		{816fb341-b032-e1af-84b9-c31519979de4}.Debug|Any CPU.ActiveCfg = Debug|Any CPU
		{816fb341-b032-e1af-84b9-c31519979de4}.Debug|Any CPU.Build.0 = Debug|Any CPU
		{816fb341-b032-e1af-84b9-c31519979de4}.Release|Any CPU.ActiveCfg = Release|Any CPU
		{816fb341-b032-e1af-84b9-c31519979de4}.Release|Any CPU.Build.0 = Release|Any CPU
		{fab09a2a-9d60-1a2f-98bb-62a0438e8fe3}.Debug|Any CPU.ActiveCfg = Debug|Any CPU
		{fab09a2a-9d60-1a2f-98bb-62a0438e8fe3}.Debug|Any CPU.Build.0 = Debug|Any CPU
		{fab09a2a-9d60-1a2f-98bb-62a0438e8fe3}.Release|Any CPU.ActiveCfg = Release|Any CPU
		{fab09a2a-9d60-1a2f-98bb-62a0438e8fe3}.Release|Any CPU.Build.0 = Release|Any CPU
		{43a79636-ed36-e821-4e98-a3eb851f7f14}.Debug|Any CPU.ActiveCfg = Debug|Any CPU
		{43a79636-ed36-e821-4e98-a3eb851f7f14}.Debug|Any CPU.Build.0 = Debug|Any CPU
		{43a79636-ed36-e821-4e98-a3eb851f7f14}.Release|Any CPU.ActiveCfg = Release|Any CPU
		{43a79636-ed36-e821-4e98-a3eb851f7f14}.Release|Any CPU.Build.0 = Release|Any CPU
		{8a8eb2b3-76f1-1c07-0fbc-9d865adbeb9c}.Debug|Any CPU.ActiveCfg = Debug|Any CPU
		{8a8eb2b3-76f1-1c07-0fbc-9d865adbeb9c}.Debug|Any CPU.Build.0 = Debug|Any CPU
		{8a8eb2b3-76f1-1c07-0fbc-9d865adbeb9c}.Release|Any CPU.ActiveCfg = Release|Any CPU
		{8a8eb2b3-76f1-1c07-0fbc-9d865adbeb9c}.Release|Any CPU.Build.0 = Release|Any CPU
		{9e7de28c-fe33-e98a-1bb4-7180addf31f7}.Debug|Any CPU.ActiveCfg = Debug|Any CPU
		{9e7de28c-fe33-e98a-1bb4-7180addf31f7}.Debug|Any CPU.Build.0 = Debug|Any CPU
		{9e7de28c-fe33-e98a-1bb4-7180addf31f7}.Release|Any CPU.ActiveCfg = Release|Any CPU
		{9e7de28c-fe33-e98a-1bb4-7180addf31f7}.Release|Any CPU.Build.0 = Release|Any CPU
		{2a5f53e0-8634-dcbf-e7c4-d252ddc71d06}.Debug|Any CPU.ActiveCfg = Debug|Any CPU
		{2a5f53e0-8634-dcbf-e7c4-d252ddc71d06}.Debug|Any CPU.Build.0 = Debug|Any CPU
		{2a5f53e0-8634-dcbf-e7c4-d252ddc71d06}.Release|Any CPU.ActiveCfg = Release|Any CPU
		{2a5f53e0-8634-dcbf-e7c4-d252ddc71d06}.Release|Any CPU.Build.0 = Release|Any CPU
		{72698a66-4fe2-8804-1c89-d5f6dd2651fe}.Debug|Any CPU.ActiveCfg = Debug|Any CPU
		{72698a66-4fe2-8804-1c89-d5f6dd2651fe}.Debug|Any CPU.Build.0 = Debug|Any CPU
		{72698a66-4fe2-8804-1c89-d5f6dd2651fe}.Release|Any CPU.ActiveCfg = Release|Any CPU
		{72698a66-4fe2-8804-1c89-d5f6dd2651fe}.Release|Any CPU.Build.0 = Release|Any CPU
		{91cb2480-13ad-b3e5-ff96-514fa18870c5}.Debug|Any CPU.ActiveCfg = Debug|Any CPU
		{91cb2480-13ad-b3e5-ff96-514fa18870c5}.Debug|Any CPU.Build.0 = Debug|Any CPU
		{91cb2480-13ad-b3e5-ff96-514fa18870c5}.Release|Any CPU.ActiveCfg = Release|Any CPU
		{91cb2480-13ad-b3e5-ff96-514fa18870c5}.Release|Any CPU.Build.0 = Release|Any CPU
		{c0e0570a-759d-cda1-3a90-2175e710429e}.Debug|Any CPU.ActiveCfg = Debug|Any CPU
		{c0e0570a-759d-cda1-3a90-2175e710429e}.Debug|Any CPU.Build.0 = Debug|Any CPU
		{c0e0570a-759d-cda1-3a90-2175e710429e}.Release|Any CPU.ActiveCfg = Release|Any CPU
		{c0e0570a-759d-cda1-3a90-2175e710429e}.Release|Any CPU.Build.0 = Release|Any CPU
		{be9c8f90-e005-61ce-05c2-e5dd5bbc6abf}.Debug|Any CPU.ActiveCfg = Debug|Any CPU
		{be9c8f90-e005-61ce-05c2-e5dd5bbc6abf}.Debug|Any CPU.Build.0 = Debug|Any CPU
		{be9c8f90-e005-61ce-05c2-e5dd5bbc6abf}.Release|Any CPU.ActiveCfg = Release|Any CPU
		{be9c8f90-e005-61ce-05c2-e5dd5bbc6abf}.Release|Any CPU.Build.0 = Release|Any CPU
		{05a3cb5f-b732-59a1-b932-19b6a5d40989}.Debug|Any CPU.ActiveCfg = Debug|Any CPU
		{05a3cb5f-b732-59a1-b932-19b6a5d40989}.Debug|Any CPU.Build.0 = Debug|Any CPU
		{05a3cb5f-b732-59a1-b932-19b6a5d40989}.Release|Any CPU.ActiveCfg = Release|Any CPU
		{05a3cb5f-b732-59a1-b932-19b6a5d40989}.Release|Any CPU.Build.0 = Release|Any CPU
		{9785e8c3-fb15-29d8-cb1f-de364cf61c44}.Debug|Any CPU.ActiveCfg = Debug|Any CPU
		{9785e8c3-fb15-29d8-cb1f-de364cf61c44}.Debug|Any CPU.Build.0 = Debug|Any CPU
		{9785e8c3-fb15-29d8-cb1f-de364cf61c44}.Release|Any CPU.ActiveCfg = Release|Any CPU
		{9785e8c3-fb15-29d8-cb1f-de364cf61c44}.Release|Any CPU.Build.0 = Release|Any CPU
		{004c531c-3fc5-e40f-a3f3-1a330f39f711}.Debug|Any CPU.ActiveCfg = Debug|Any CPU
		{004c531c-3fc5-e40f-a3f3-1a330f39f711}.Debug|Any CPU.Build.0 = Debug|Any CPU
		{004c531c-3fc5-e40f-a3f3-1a330f39f711}.Release|Any CPU.ActiveCfg = Release|Any CPU
		{004c531c-3fc5-e40f-a3f3-1a330f39f711}.Release|Any CPU.Build.0 = Release|Any CPU
		{7bdc54d8-fceb-2149-7572-eabded9da986}.Debug|Any CPU.ActiveCfg = Debug|Any CPU
		{7bdc54d8-fceb-2149-7572-eabded9da986}.Debug|Any CPU.Build.0 = Debug|Any CPU
		{7bdc54d8-fceb-2149-7572-eabded9da986}.Release|Any CPU.ActiveCfg = Release|Any CPU
		{7bdc54d8-fceb-2149-7572-eabded9da986}.Release|Any CPU.Build.0 = Release|Any CPU
		{9384b53a-e0d9-d0be-a327-60492abc25ed}.Debug|Any CPU.ActiveCfg = Debug|Any CPU
		{9384b53a-e0d9-d0be-a327-60492abc25ed}.Debug|Any CPU.Build.0 = Debug|Any CPU
		{9384b53a-e0d9-d0be-a327-60492abc25ed}.Release|Any CPU.ActiveCfg = Release|Any CPU
		{9384b53a-e0d9-d0be-a327-60492abc25ed}.Release|Any CPU.Build.0 = Release|Any CPU
		{43a8b13f-3441-ff7d-b21b-49d1460f34db}.Debug|Any CPU.ActiveCfg = Debug|Any CPU
		{43a8b13f-3441-ff7d-b21b-49d1460f34db}.Debug|Any CPU.Build.0 = Debug|Any CPU
		{43a8b13f-3441-ff7d-b21b-49d1460f34db}.Release|Any CPU.ActiveCfg = Release|Any CPU
		{43a8b13f-3441-ff7d-b21b-49d1460f34db}.Release|Any CPU.Build.0 = Release|Any CPU
		{bf892abd-4916-0522-3517-0d7935e1d24f}.Debug|Any CPU.ActiveCfg = Debug|Any CPU
		{bf892abd-4916-0522-3517-0d7935e1d24f}.Debug|Any CPU.Build.0 = Debug|Any CPU
		{bf892abd-4916-0522-3517-0d7935e1d24f}.Release|Any CPU.ActiveCfg = Release|Any CPU
		{bf892abd-4916-0522-3517-0d7935e1d24f}.Release|Any CPU.Build.0 = Release|Any CPU
		{44bda99d-8979-470d-ddc5-e7cba52e7621}.Debug|Any CPU.ActiveCfg = Debug|Any CPU
		{44bda99d-8979-470d-ddc5-e7cba52e7621}.Debug|Any CPU.Build.0 = Debug|Any CPU
		{44bda99d-8979-470d-ddc5-e7cba52e7621}.Release|Any CPU.ActiveCfg = Release|Any CPU
		{44bda99d-8979-470d-ddc5-e7cba52e7621}.Release|Any CPU.Build.0 = Release|Any CPU
		{d9bfe78c-b7a1-476e-1736-72b85711521c}.Debug|Any CPU.ActiveCfg = Debug|Any CPU
		{d9bfe78c-b7a1-476e-1736-72b85711521c}.Debug|Any CPU.Build.0 = Debug|Any CPU
		{d9bfe78c-b7a1-476e-1736-72b85711521c}.Release|Any CPU.ActiveCfg = Release|Any CPU
		{d9bfe78c-b7a1-476e-1736-72b85711521c}.Release|Any CPU.Build.0 = Release|Any CPU
		{1d8c76e9-1975-8122-d193-6e1388ebe52e}.Debug|Any CPU.ActiveCfg = Debug|Any CPU
		{1d8c76e9-1975-8122-d193-6e1388ebe52e}.Debug|Any CPU.Build.0 = Debug|Any CPU
		{1d8c76e9-1975-8122-d193-6e1388ebe52e}.Release|Any CPU.ActiveCfg = Release|Any CPU
		{1d8c76e9-1975-8122-d193-6e1388ebe52e}.Release|Any CPU.Build.0 = Release|Any CPU
		{972fed68-4d3a-bab7-b398-da8abdad08c3}.Debug|Any CPU.ActiveCfg = Debug|Any CPU
		{972fed68-4d3a-bab7-b398-da8abdad08c3}.Debug|Any CPU.Build.0 = Debug|Any CPU
		{972fed68-4d3a-bab7-b398-da8abdad08c3}.Release|Any CPU.ActiveCfg = Release|Any CPU
		{972fed68-4d3a-bab7-b398-da8abdad08c3}.Release|Any CPU.Build.0 = Release|Any CPU
		{6a171403-aa82-d9b9-41fd-b610b0f61f40}.Debug|Any CPU.ActiveCfg = Debug|Any CPU
		{6a171403-aa82-d9b9-41fd-b610b0f61f40}.Debug|Any CPU.Build.0 = Debug|Any CPU
		{6a171403-aa82-d9b9-41fd-b610b0f61f40}.Release|Any CPU.ActiveCfg = Release|Any CPU
		{6a171403-aa82-d9b9-41fd-b610b0f61f40}.Release|Any CPU.Build.0 = Release|Any CPU
		{124008f1-26e4-0fbb-9bb7-bf717898d648}.Debug|Any CPU.ActiveCfg = Debug|Any CPU
		{124008f1-26e4-0fbb-9bb7-bf717898d648}.Debug|Any CPU.Build.0 = Debug|Any CPU
		{124008f1-26e4-0fbb-9bb7-bf717898d648}.Release|Any CPU.ActiveCfg = Release|Any CPU
		{124008f1-26e4-0fbb-9bb7-bf717898d648}.Release|Any CPU.Build.0 = Release|Any CPU
		{65f87efa-43f8-ad4f-d8c9-bd76c77e9ec6}.Debug|Any CPU.ActiveCfg = Debug|Any CPU
		{65f87efa-43f8-ad4f-d8c9-bd76c77e9ec6}.Debug|Any CPU.Build.0 = Debug|Any CPU
		{65f87efa-43f8-ad4f-d8c9-bd76c77e9ec6}.Release|Any CPU.ActiveCfg = Release|Any CPU
		{65f87efa-43f8-ad4f-d8c9-bd76c77e9ec6}.Release|Any CPU.Build.0 = Release|Any CPU
		{94c4a91b-22c4-51ed-594e-f0a6e0ae2716}.Debug|Any CPU.ActiveCfg = Debug|Any CPU
		{94c4a91b-22c4-51ed-594e-f0a6e0ae2716}.Debug|Any CPU.Build.0 = Debug|Any CPU
		{94c4a91b-22c4-51ed-594e-f0a6e0ae2716}.Release|Any CPU.ActiveCfg = Release|Any CPU
		{94c4a91b-22c4-51ed-594e-f0a6e0ae2716}.Release|Any CPU.Build.0 = Release|Any CPU
		{cf9f3a44-eca9-401e-5094-5512c33c6e1a}.Debug|Any CPU.ActiveCfg = Debug|Any CPU
		{cf9f3a44-eca9-401e-5094-5512c33c6e1a}.Debug|Any CPU.Build.0 = Debug|Any CPU
		{cf9f3a44-eca9-401e-5094-5512c33c6e1a}.Release|Any CPU.ActiveCfg = Release|Any CPU
		{cf9f3a44-eca9-401e-5094-5512c33c6e1a}.Release|Any CPU.Build.0 = Release|Any CPU
		{269fdfac-3cd2-a06a-7af3-018c1a06acc6}.Debug|Any CPU.ActiveCfg = Debug|Any CPU
		{269fdfac-3cd2-a06a-7af3-018c1a06acc6}.Debug|Any CPU.Build.0 = Debug|Any CPU
		{269fdfac-3cd2-a06a-7af3-018c1a06acc6}.Release|Any CPU.ActiveCfg = Release|Any CPU
		{269fdfac-3cd2-a06a-7af3-018c1a06acc6}.Release|Any CPU.Build.0 = Release|Any CPU
		{a5da8a1d-3c89-b08d-35c3-8763b9bd3f5b}.Debug|Any CPU.ActiveCfg = Debug|Any CPU
		{a5da8a1d-3c89-b08d-35c3-8763b9bd3f5b}.Debug|Any CPU.Build.0 = Debug|Any CPU
		{a5da8a1d-3c89-b08d-35c3-8763b9bd3f5b}.Release|Any CPU.ActiveCfg = Release|Any CPU
		{a5da8a1d-3c89-b08d-35c3-8763b9bd3f5b}.Release|Any CPU.Build.0 = Release|Any CPU
		{2bdebf96-9e1d-ae2e-6238-08a206c1ce80}.Debug|Any CPU.ActiveCfg = Debug|Any CPU
		{2bdebf96-9e1d-ae2e-6238-08a206c1ce80}.Debug|Any CPU.Build.0 = Debug|Any CPU
		{2bdebf96-9e1d-ae2e-6238-08a206c1ce80}.Release|Any CPU.ActiveCfg = Release|Any CPU
		{2bdebf96-9e1d-ae2e-6238-08a206c1ce80}.Release|Any CPU.Build.0 = Release|Any CPU
		{a70616c7-6a88-22d9-0683-7d35d3cbbfa4}.Debug|Any CPU.ActiveCfg = Debug|Any CPU
		{a70616c7-6a88-22d9-0683-7d35d3cbbfa4}.Debug|Any CPU.Build.0 = Debug|Any CPU
		{a70616c7-6a88-22d9-0683-7d35d3cbbfa4}.Release|Any CPU.ActiveCfg = Release|Any CPU
		{a70616c7-6a88-22d9-0683-7d35d3cbbfa4}.Release|Any CPU.Build.0 = Release|Any CPU
		{13466870-c375-9f2e-3818-be5c4dbba979}.Debug|Any CPU.ActiveCfg = Debug|Any CPU
		{13466870-c375-9f2e-3818-be5c4dbba979}.Debug|Any CPU.Build.0 = Debug|Any CPU
		{13466870-c375-9f2e-3818-be5c4dbba979}.Release|Any CPU.ActiveCfg = Release|Any CPU
		{13466870-c375-9f2e-3818-be5c4dbba979}.Release|Any CPU.Build.0 = Release|Any CPU
		{312c5bd0-8b78-9fa1-6aac-f3ceee3164b1}.Debug|Any CPU.ActiveCfg = Debug|Any CPU
		{312c5bd0-8b78-9fa1-6aac-f3ceee3164b1}.Debug|Any CPU.Build.0 = Debug|Any CPU
		{312c5bd0-8b78-9fa1-6aac-f3ceee3164b1}.Release|Any CPU.ActiveCfg = Release|Any CPU
		{312c5bd0-8b78-9fa1-6aac-f3ceee3164b1}.Release|Any CPU.Build.0 = Release|Any CPU
		{ad3f1a5d-03de-1e72-f1eb-c5a2c6992941}.Debug|Any CPU.ActiveCfg = Debug|Any CPU
		{ad3f1a5d-03de-1e72-f1eb-c5a2c6992941}.Debug|Any CPU.Build.0 = Debug|Any CPU
		{ad3f1a5d-03de-1e72-f1eb-c5a2c6992941}.Release|Any CPU.ActiveCfg = Release|Any CPU
		{ad3f1a5d-03de-1e72-f1eb-c5a2c6992941}.Release|Any CPU.Build.0 = Release|Any CPU
		{c8983f8c-2339-6470-518c-30ed24c3120c}.Debug|Any CPU.ActiveCfg = Debug|Any CPU
		{c8983f8c-2339-6470-518c-30ed24c3120c}.Debug|Any CPU.Build.0 = Debug|Any CPU
		{c8983f8c-2339-6470-518c-30ed24c3120c}.Release|Any CPU.ActiveCfg = Release|Any CPU
		{c8983f8c-2339-6470-518c-30ed24c3120c}.Release|Any CPU.Build.0 = Release|Any CPU
		{56394cd1-41eb-76e0-44ca-fb03e52f6c8c}.Debug|Any CPU.ActiveCfg = Debug|Any CPU
		{56394cd1-41eb-76e0-44ca-fb03e52f6c8c}.Debug|Any CPU.Build.0 = Debug|Any CPU
		{56394cd1-41eb-76e0-44ca-fb03e52f6c8c}.Release|Any CPU.ActiveCfg = Release|Any CPU
		{56394cd1-41eb-76e0-44ca-fb03e52f6c8c}.Release|Any CPU.Build.0 = Release|Any CPU
		{977b2ea5-1e03-b728-a145-cf9cfcbb8a0e}.Debug|Any CPU.ActiveCfg = Debug|Any CPU
		{977b2ea5-1e03-b728-a145-cf9cfcbb8a0e}.Debug|Any CPU.Build.0 = Debug|Any CPU
		{977b2ea5-1e03-b728-a145-cf9cfcbb8a0e}.Release|Any CPU.ActiveCfg = Release|Any CPU
		{977b2ea5-1e03-b728-a145-cf9cfcbb8a0e}.Release|Any CPU.Build.0 = Release|Any CPU
		{89b489f8-9d6f-f4e3-e73f-2fe2bd7d7793}.Debug|Any CPU.ActiveCfg = Debug|Any CPU
		{89b489f8-9d6f-f4e3-e73f-2fe2bd7d7793}.Debug|Any CPU.Build.0 = Debug|Any CPU
		{89b489f8-9d6f-f4e3-e73f-2fe2bd7d7793}.Release|Any CPU.ActiveCfg = Release|Any CPU
		{89b489f8-9d6f-f4e3-e73f-2fe2bd7d7793}.Release|Any CPU.Build.0 = Release|Any CPU
		{0c72f687-9890-e589-d277-c36effba2ba7}.Debug|Any CPU.ActiveCfg = Debug|Any CPU
		{0c72f687-9890-e589-d277-c36effba2ba7}.Debug|Any CPU.Build.0 = Debug|Any CPU
		{0c72f687-9890-e589-d277-c36effba2ba7}.Release|Any CPU.ActiveCfg = Release|Any CPU
		{0c72f687-9890-e589-d277-c36effba2ba7}.Release|Any CPU.Build.0 = Release|Any CPU
		{62983bec-6798-8bc3-0e33-cea306aacd40}.Debug|Any CPU.ActiveCfg = Debug|Any CPU
		{62983bec-6798-8bc3-0e33-cea306aacd40}.Debug|Any CPU.Build.0 = Debug|Any CPU
		{62983bec-6798-8bc3-0e33-cea306aacd40}.Release|Any CPU.ActiveCfg = Release|Any CPU
		{62983bec-6798-8bc3-0e33-cea306aacd40}.Release|Any CPU.Build.0 = Release|Any CPU
		{a7207abd-1854-3e2f-22d8-db551de97ff6}.Debug|Any CPU.ActiveCfg = Debug|Any CPU
		{a7207abd-1854-3e2f-22d8-db551de97ff6}.Debug|Any CPU.Build.0 = Debug|Any CPU
		{a7207abd-1854-3e2f-22d8-db551de97ff6}.Release|Any CPU.ActiveCfg = Release|Any CPU
		{a7207abd-1854-3e2f-22d8-db551de97ff6}.Release|Any CPU.Build.0 = Release|Any CPU
	EndGlobalSection
	GlobalSection(SolutionProperties) = preSolution
		HideSolutionNode = FALSE
	EndGlobalSection
EndGlobal
